// !$*UTF8*$!
{
	archiveVersion = 1;
	classes = {
	};
	objectVersion = 56;
	objects = {

/* Begin PBXBuildFile section */
		DC4442632AD31709001DE0BD /* ForecastView.swift in Sources */ = {isa = PBXBuildFile; fileRef = DC4442622AD31709001DE0BD /* ForecastView.swift */; };
		DC5C2E2C2AD0193000DC42E4 /* ForecastModel.swift in Sources */ = {isa = PBXBuildFile; fileRef = DC5C2E2B2AD0193000DC42E4 /* ForecastModel.swift */; };
		DC5C2E302AD030A700DC42E4 /* CurrentView.swift in Sources */ = {isa = PBXBuildFile; fileRef = DC5C2E2F2AD030A700DC42E4 /* CurrentView.swift */; };
		DC5C2E322AD0310D00DC42E4 /* CurrentModel.swift in Sources */ = {isa = PBXBuildFile; fileRef = DC5C2E312AD0310D00DC42E4 /* CurrentModel.swift */; };
		DCD265EE2ACD694C00787650 /* AppDelegate.swift in Sources */ = {isa = PBXBuildFile; fileRef = DCD265ED2ACD694C00787650 /* AppDelegate.swift */; };
		DCD265F02ACD694C00787650 /* SceneDelegate.swift in Sources */ = {isa = PBXBuildFile; fileRef = DCD265EF2ACD694C00787650 /* SceneDelegate.swift */; };
		DCD265F52ACD694C00787650 /* Main.storyboard in Resources */ = {isa = PBXBuildFile; fileRef = DCD265F32ACD694C00787650 /* Main.storyboard */; };
		DCD265F72ACD694D00787650 /* Assets.xcassets in Resources */ = {isa = PBXBuildFile; fileRef = DCD265F62ACD694D00787650 /* Assets.xcassets */; };
		DCD265FA2ACD694D00787650 /* LaunchScreen.storyboard in Resources */ = {isa = PBXBuildFile; fileRef = DCD265F82ACD694D00787650 /* LaunchScreen.storyboard */; };
		DCE182122ACD95940051BC45 /* DataModel.swift in Sources */ = {isa = PBXBuildFile; fileRef = DCE182112ACD95940051BC45 /* DataModel.swift */; };
		DCE182152ACD9F4D0051BC45 /* Alamofire in Frameworks */ = {isa = PBXBuildFile; productRef = DCE182142ACD9F4D0051BC45 /* Alamofire */; };
		DCE182172ACDA2910051BC45 /* Networking.swift in Sources */ = {isa = PBXBuildFile; fileRef = DCE182162ACDA2910051BC45 /* Networking.swift */; };
/* End PBXBuildFile section */

/* Begin PBXCopyFilesBuildPhase section */
		DCEDE4562AD1460000B41388 /* Embed Foundation Extensions */ = {
			isa = PBXCopyFilesBuildPhase;
			buildActionMask = 2147483647;
			dstPath = "";
			dstSubfolderSpec = 13;
			files = (
			);
			name = "Embed Foundation Extensions";
			runOnlyForDeploymentPostprocessing = 0;
		};
/* End PBXCopyFilesBuildPhase section */

/* Begin PBXFileReference section */
		DC4442622AD31709001DE0BD /* ForecastView.swift */ = {isa = PBXFileReference; lastKnownFileType = sourcecode.swift; path = ForecastView.swift; sourceTree = "<group>"; };
		DC5C2E2B2AD0193000DC42E4 /* ForecastModel.swift */ = {isa = PBXFileReference; lastKnownFileType = sourcecode.swift; path = ForecastModel.swift; sourceTree = "<group>"; };
		DC5C2E2F2AD030A700DC42E4 /* CurrentView.swift */ = {isa = PBXFileReference; lastKnownFileType = sourcecode.swift; path = CurrentView.swift; sourceTree = "<group>"; };
		DC5C2E312AD0310D00DC42E4 /* CurrentModel.swift */ = {isa = PBXFileReference; lastKnownFileType = sourcecode.swift; path = CurrentModel.swift; sourceTree = "<group>"; };
		DC5C2E382AD0906E00DC42E4 /* en */ = {isa = PBXFileReference; lastKnownFileType = text.plist.strings; name = en; path = en.lproj/LaunchScreen.strings; sourceTree = "<group>"; };
		DC5C2E392AD0906E00DC42E4 /* en */ = {isa = PBXFileReference; lastKnownFileType = text.plist.strings; name = en; path = en.lproj/Main.strings; sourceTree = "<group>"; };
		DCD265EA2ACD694C00787650 /* WeatherApp.app */ = {isa = PBXFileReference; explicitFileType = wrapper.application; includeInIndex = 0; path = WeatherApp.app; sourceTree = BUILT_PRODUCTS_DIR; };
		DCD265ED2ACD694C00787650 /* AppDelegate.swift */ = {isa = PBXFileReference; lastKnownFileType = sourcecode.swift; path = AppDelegate.swift; sourceTree = "<group>"; };
		DCD265EF2ACD694C00787650 /* SceneDelegate.swift */ = {isa = PBXFileReference; lastKnownFileType = sourcecode.swift; path = SceneDelegate.swift; sourceTree = "<group>"; };
		DCD265F42ACD694C00787650 /* Base */ = {isa = PBXFileReference; lastKnownFileType = file.storyboard; name = Base; path = Base.lproj/Main.storyboard; sourceTree = "<group>"; };
		DCD265F62ACD694D00787650 /* Assets.xcassets */ = {isa = PBXFileReference; lastKnownFileType = folder.assetcatalog; path = Assets.xcassets; sourceTree = "<group>"; };
		DCD265F92ACD694D00787650 /* Base */ = {isa = PBXFileReference; lastKnownFileType = file.storyboard; name = Base; path = Base.lproj/LaunchScreen.storyboard; sourceTree = "<group>"; };
		DCD265FB2ACD694D00787650 /* Info.plist */ = {isa = PBXFileReference; lastKnownFileType = text.plist.xml; path = Info.plist; sourceTree = "<group>"; };
		DCE182112ACD95940051BC45 /* DataModel.swift */ = {isa = PBXFileReference; lastKnownFileType = sourcecode.swift; path = DataModel.swift; sourceTree = "<group>"; };
		DCE182162ACDA2910051BC45 /* Networking.swift */ = {isa = PBXFileReference; lastKnownFileType = sourcecode.swift; path = Networking.swift; sourceTree = "<group>"; };
/* End PBXFileReference section */

/* Begin PBXFrameworksBuildPhase section */
		DCD265E72ACD694C00787650 /* Frameworks */ = {
			isa = PBXFrameworksBuildPhase;
			buildActionMask = 2147483647;
			files = (
				DCE182152ACD9F4D0051BC45 /* Alamofire in Frameworks */,
			);
			runOnlyForDeploymentPostprocessing = 0;
		};
/* End PBXFrameworksBuildPhase section */

/* Begin PBXGroup section */
		DC27F54A2AE177210043393B /* Controller */ = {
			isa = PBXGroup;
			children = (
				DC5C2E312AD0310D00DC42E4 /* CurrentModel.swift */,
				DC5C2E2B2AD0193000DC42E4 /* ForecastModel.swift */,
			);
			path = Controller;
			sourceTree = "<group>";
		};
		DCD265E12ACD694C00787650 = {
			isa = PBXGroup;
			children = (
				DCD265EC2ACD694C00787650 /* WeatherApp */,
				DCD265EB2ACD694C00787650 /* Products */,
			);
			sourceTree = "<group>";
		};
		DCD265EB2ACD694C00787650 /* Products */ = {
			isa = PBXGroup;
			children = (
				DCD265EA2ACD694C00787650 /* WeatherApp.app */,
			);
			name = Products;
			sourceTree = "<group>";
		};
		DCD265EC2ACD694C00787650 /* WeatherApp */ = {
			isa = PBXGroup;
			children = (
				DCE1820A2ACD93D80051BC45 /* Application */,
				DC27F54A2AE177210043393B /* Controller */,
				DCE1820C2ACD94620051BC45 /* Model */,
				DCE1820B2ACD93FA0051BC45 /* Resources */,
				DCE1820D2ACD94680051BC45 /* View */,
			);
			path = WeatherApp;
			sourceTree = "<group>";
		};
		DCE1820A2ACD93D80051BC45 /* Application */ = {
			isa = PBXGroup;
			children = (
				DCD265ED2ACD694C00787650 /* AppDelegate.swift */,
				DCD265EF2ACD694C00787650 /* SceneDelegate.swift */,
			);
			path = Application;
			sourceTree = "<group>";
		};
		DCE1820B2ACD93FA0051BC45 /* Resources */ = {
			isa = PBXGroup;
			children = (
				DCD265F62ACD694D00787650 /* Assets.xcassets */,
				DCD265F82ACD694D00787650 /* LaunchScreen.storyboard */,
				DCD265FB2ACD694D00787650 /* Info.plist */,
			);
			path = Resources;
			sourceTree = "<group>";
		};
		DCE1820C2ACD94620051BC45 /* Model */ = {
			isa = PBXGroup;
			children = (
				DCE182112ACD95940051BC45 /* DataModel.swift */,
				DCE182162ACDA2910051BC45 /* Networking.swift */,
			);
			path = Model;
			sourceTree = "<group>";
		};
		DCE1820D2ACD94680051BC45 /* View */ = {
			isa = PBXGroup;
			children = (
				DCD265F32ACD694C00787650 /* Main.storyboard */,
				DC5C2E2F2AD030A700DC42E4 /* CurrentView.swift */,
				DC4442622AD31709001DE0BD /* ForecastView.swift */,
			);
			path = View;
			sourceTree = "<group>";
		};
/* End PBXGroup section */

/* Begin PBXNativeTarget section */
		DCD265E92ACD694C00787650 /* WeatherApp */ = {
			isa = PBXNativeTarget;
			buildConfigurationList = DCD265FE2ACD694D00787650 /* Build configuration list for PBXNativeTarget "WeatherApp" */;
			buildPhases = (
				DCD265E62ACD694C00787650 /* Sources */,
				DCD265E72ACD694C00787650 /* Frameworks */,
				DCD265E82ACD694C00787650 /* Resources */,
				DCEDE4562AD1460000B41388 /* Embed Foundation Extensions */,
			);
			buildRules = (
			);
			dependencies = (
			);
			name = WeatherApp;
			packageProductDependencies = (
				DCE182142ACD9F4D0051BC45 /* Alamofire */,
			);
			productName = WeatherApp;
			productReference = DCD265EA2ACD694C00787650 /* WeatherApp.app */;
			productType = "com.apple.product-type.application";
		};
/* End PBXNativeTarget section */

/* Begin PBXProject section */
		DCD265E22ACD694C00787650 /* Project object */ = {
			isa = PBXProject;
			attributes = {
				BuildIndependentTargetsInParallel = 1;
				LastSwiftUpdateCheck = 1500;
				LastUpgradeCheck = 1500;
				TargetAttributes = {
					DCD265E92ACD694C00787650 = {
						CreatedOnToolsVersion = 15.0;
					};
				};
			};
			buildConfigurationList = DCD265E52ACD694C00787650 /* Build configuration list for PBXProject "WeatherApp" */;
			compatibilityVersion = "Xcode 14.0";
			developmentRegion = en;
			hasScannedForEncodings = 0;
			knownRegions = (
				en,
				Base,
			);
			mainGroup = DCD265E12ACD694C00787650;
			packageReferences = (
				DCE182132ACD9F4D0051BC45 /* XCRemoteSwiftPackageReference "Alamofire" */,
			);
			productRefGroup = DCD265EB2ACD694C00787650 /* Products */;
			projectDirPath = "";
			projectRoot = "";
			targets = (
				DCD265E92ACD694C00787650 /* WeatherApp */,
			);
		};
/* End PBXProject section */

/* Begin PBXResourcesBuildPhase section */
		DCD265E82ACD694C00787650 /* Resources */ = {
			isa = PBXResourcesBuildPhase;
			buildActionMask = 2147483647;
			files = (
				DCD265FA2ACD694D00787650 /* LaunchScreen.storyboard in Resources */,
				DCD265F72ACD694D00787650 /* Assets.xcassets in Resources */,
				DCD265F52ACD694C00787650 /* Main.storyboard in Resources */,
			);
			runOnlyForDeploymentPostprocessing = 0;
		};
/* End PBXResourcesBuildPhase section */

/* Begin PBXSourcesBuildPhase section */
		DCD265E62ACD694C00787650 /* Sources */ = {
			isa = PBXSourcesBuildPhase;
			buildActionMask = 2147483647;
			files = (
				DCE182122ACD95940051BC45 /* DataModel.swift in Sources */,
				DCE182172ACDA2910051BC45 /* Networking.swift in Sources */,
				DC5C2E2C2AD0193000DC42E4 /* ForecastModel.swift in Sources */,
				DC4442632AD31709001DE0BD /* ForecastView.swift in Sources */,
				DC5C2E322AD0310D00DC42E4 /* CurrentModel.swift in Sources */,
				DC5C2E302AD030A700DC42E4 /* CurrentView.swift in Sources */,
				DCD265EE2ACD694C00787650 /* AppDelegate.swift in Sources */,
				DCD265F02ACD694C00787650 /* SceneDelegate.swift in Sources */,
			);
			runOnlyForDeploymentPostprocessing = 0;
		};
/* End PBXSourcesBuildPhase section */

/* Begin PBXVariantGroup section */
		DCD265F32ACD694C00787650 /* Main.storyboard */ = {
			isa = PBXVariantGroup;
			children = (
				DCD265F42ACD694C00787650 /* Base */,
				DC5C2E392AD0906E00DC42E4 /* en */,
			);
			name = Main.storyboard;
			sourceTree = "<group>";
		};
		DCD265F82ACD694D00787650 /* LaunchScreen.storyboard */ = {
			isa = PBXVariantGroup;
			children = (
				DCD265F92ACD694D00787650 /* Base */,
				DC5C2E382AD0906E00DC42E4 /* en */,
			);
			name = LaunchScreen.storyboard;
			sourceTree = "<group>";
		};
/* End PBXVariantGroup section */

/* Begin XCBuildConfiguration section */
		DCD265FC2ACD694D00787650 /* Debug */ = {
			isa = XCBuildConfiguration;
			buildSettings = {
				ALWAYS_SEARCH_USER_PATHS = NO;
				ASSETCATALOG_COMPILER_GENERATE_SWIFT_ASSET_SYMBOL_EXTENSIONS = YES;
				CLANG_ANALYZER_LOCALIZABILITY_NONLOCALIZED = YES;
				CLANG_ANALYZER_NONNULL = YES;
				CLANG_ANALYZER_NUMBER_OBJECT_CONVERSION = YES_AGGRESSIVE;
				CLANG_CXX_LANGUAGE_STANDARD = "gnu++20";
				CLANG_ENABLE_MODULES = YES;
				CLANG_ENABLE_OBJC_ARC = YES;
				CLANG_ENABLE_OBJC_WEAK = YES;
				CLANG_WARN_BLOCK_CAPTURE_AUTORELEASING = YES;
				CLANG_WARN_BOOL_CONVERSION = YES;
				CLANG_WARN_COMMA = YES;
				CLANG_WARN_CONSTANT_CONVERSION = YES;
				CLANG_WARN_DEPRECATED_OBJC_IMPLEMENTATIONS = YES;
				CLANG_WARN_DIRECT_OBJC_ISA_USAGE = YES_ERROR;
				CLANG_WARN_DOCUMENTATION_COMMENTS = YES;
				CLANG_WARN_EMPTY_BODY = YES;
				CLANG_WARN_ENUM_CONVERSION = YES;
				CLANG_WARN_INFINITE_RECURSION = YES;
				CLANG_WARN_INT_CONVERSION = YES;
				CLANG_WARN_NON_LITERAL_NULL_CONVERSION = YES;
				CLANG_WARN_OBJC_IMPLICIT_RETAIN_SELF = YES;
				CLANG_WARN_OBJC_LITERAL_CONVERSION = YES;
				CLANG_WARN_OBJC_ROOT_CLASS = YES_ERROR;
				CLANG_WARN_QUOTED_INCLUDE_IN_FRAMEWORK_HEADER = YES;
				CLANG_WARN_RANGE_LOOP_ANALYSIS = YES;
				CLANG_WARN_STRICT_PROTOTYPES = YES;
				CLANG_WARN_SUSPICIOUS_MOVE = YES;
				CLANG_WARN_UNGUARDED_AVAILABILITY = YES_AGGRESSIVE;
				CLANG_WARN_UNREACHABLE_CODE = YES;
				CLANG_WARN__DUPLICATE_METHOD_MATCH = YES;
				COPY_PHASE_STRIP = NO;
				DEBUG_INFORMATION_FORMAT = dwarf;
				ENABLE_STRICT_OBJC_MSGSEND = YES;
				ENABLE_TESTABILITY = YES;
				ENABLE_USER_SCRIPT_SANDBOXING = YES;
				GCC_C_LANGUAGE_STANDARD = gnu17;
				GCC_DYNAMIC_NO_PIC = NO;
				GCC_NO_COMMON_BLOCKS = YES;
				GCC_OPTIMIZATION_LEVEL = 0;
				GCC_PREPROCESSOR_DEFINITIONS = (
					"DEBUG=1",
					"$(inherited)",
				);
				GCC_WARN_64_TO_32_BIT_CONVERSION = YES;
				GCC_WARN_ABOUT_RETURN_TYPE = YES_ERROR;
				GCC_WARN_UNDECLARED_SELECTOR = YES;
				GCC_WARN_UNINITIALIZED_AUTOS = YES_AGGRESSIVE;
				GCC_WARN_UNUSED_FUNCTION = YES;
				GCC_WARN_UNUSED_VARIABLE = YES;
				IPHONEOS_DEPLOYMENT_TARGET = 17.0;
				LOCALIZATION_PREFERS_STRING_CATALOGS = YES;
				MTL_ENABLE_DEBUG_INFO = INCLUDE_SOURCE;
				MTL_FAST_MATH = YES;
				ONLY_ACTIVE_ARCH = YES;
				SDKROOT = iphoneos;
				SWIFT_ACTIVE_COMPILATION_CONDITIONS = "DEBUG $(inherited)";
				SWIFT_OPTIMIZATION_LEVEL = "-Onone";
			};
			name = Debug;
		};
		DCD265FD2ACD694D00787650 /* Release */ = {
			isa = XCBuildConfiguration;
			buildSettings = {
				ALWAYS_SEARCH_USER_PATHS = NO;
				ASSETCATALOG_COMPILER_GENERATE_SWIFT_ASSET_SYMBOL_EXTENSIONS = YES;
				CLANG_ANALYZER_LOCALIZABILITY_NONLOCALIZED = YES;
				CLANG_ANALYZER_NONNULL = YES;
				CLANG_ANALYZER_NUMBER_OBJECT_CONVERSION = YES_AGGRESSIVE;
				CLANG_CXX_LANGUAGE_STANDARD = "gnu++20";
				CLANG_ENABLE_MODULES = YES;
				CLANG_ENABLE_OBJC_ARC = YES;
				CLANG_ENABLE_OBJC_WEAK = YES;
				CLANG_WARN_BLOCK_CAPTURE_AUTORELEASING = YES;
				CLANG_WARN_BOOL_CONVERSION = YES;
				CLANG_WARN_COMMA = YES;
				CLANG_WARN_CONSTANT_CONVERSION = YES;
				CLANG_WARN_DEPRECATED_OBJC_IMPLEMENTATIONS = YES;
				CLANG_WARN_DIRECT_OBJC_ISA_USAGE = YES_ERROR;
				CLANG_WARN_DOCUMENTATION_COMMENTS = YES;
				CLANG_WARN_EMPTY_BODY = YES;
				CLANG_WARN_ENUM_CONVERSION = YES;
				CLANG_WARN_INFINITE_RECURSION = YES;
				CLANG_WARN_INT_CONVERSION = YES;
				CLANG_WARN_NON_LITERAL_NULL_CONVERSION = YES;
				CLANG_WARN_OBJC_IMPLICIT_RETAIN_SELF = YES;
				CLANG_WARN_OBJC_LITERAL_CONVERSION = YES;
				CLANG_WARN_OBJC_ROOT_CLASS = YES_ERROR;
				CLANG_WARN_QUOTED_INCLUDE_IN_FRAMEWORK_HEADER = YES;
				CLANG_WARN_RANGE_LOOP_ANALYSIS = YES;
				CLANG_WARN_STRICT_PROTOTYPES = YES;
				CLANG_WARN_SUSPICIOUS_MOVE = YES;
				CLANG_WARN_UNGUARDED_AVAILABILITY = YES_AGGRESSIVE;
				CLANG_WARN_UNREACHABLE_CODE = YES;
				CLANG_WARN__DUPLICATE_METHOD_MATCH = YES;
				COPY_PHASE_STRIP = NO;
				DEBUG_INFORMATION_FORMAT = "dwarf-with-dsym";
				ENABLE_NS_ASSERTIONS = NO;
				ENABLE_STRICT_OBJC_MSGSEND = YES;
				ENABLE_USER_SCRIPT_SANDBOXING = YES;
				GCC_C_LANGUAGE_STANDARD = gnu17;
				GCC_NO_COMMON_BLOCKS = YES;
				GCC_WARN_64_TO_32_BIT_CONVERSION = YES;
				GCC_WARN_ABOUT_RETURN_TYPE = YES_ERROR;
				GCC_WARN_UNDECLARED_SELECTOR = YES;
				GCC_WARN_UNINITIALIZED_AUTOS = YES_AGGRESSIVE;
				GCC_WARN_UNUSED_FUNCTION = YES;
				GCC_WARN_UNUSED_VARIABLE = YES;
				IPHONEOS_DEPLOYMENT_TARGET = 17.0;
				LOCALIZATION_PREFERS_STRING_CATALOGS = YES;
				MTL_ENABLE_DEBUG_INFO = NO;
				MTL_FAST_MATH = YES;
				SDKROOT = iphoneos;
				SWIFT_COMPILATION_MODE = wholemodule;
				VALIDATE_PRODUCT = YES;
			};
			name = Release;
		};
		DCD265FF2ACD694D00787650 /* Debug */ = {
			isa = XCBuildConfiguration;
			buildSettings = {
				ASSETCATALOG_COMPILER_APPICON_NAME = AppIcon;
				ASSETCATALOG_COMPILER_GLOBAL_ACCENT_COLOR_NAME = AccentColor;
				CODE_SIGN_STYLE = Automatic;
				CURRENT_PROJECT_VERSION = 1;
				GENERATE_INFOPLIST_FILE = YES;
				INFOPLIST_FILE = WeatherApp/Resources/Info.plist;
				INFOPLIST_KEY_UIApplicationSupportsIndirectInputEvents = YES;
				INFOPLIST_KEY_UILaunchStoryboardName = LaunchScreen;
				INFOPLIST_KEY_UIMainStoryboardFile = Main;
				INFOPLIST_KEY_UISupportedInterfaceOrientations_iPad = "UIInterfaceOrientationPortrait UIInterfaceOrientationPortraitUpsideDown UIInterfaceOrientationLandscapeLeft UIInterfaceOrientationLandscapeRight";
				INFOPLIST_KEY_UISupportedInterfaceOrientations_iPhone = "UIInterfaceOrientationPortrait UIInterfaceOrientationLandscapeLeft UIInterfaceOrientationLandscapeRight";
				LD_RUNPATH_SEARCH_PATHS = (
					"$(inherited)",
					"@executable_path/Frameworks",
				);
				MARKETING_VERSION = 1.0;
				PRODUCT_BUNDLE_IDENTIFIER = newOne.WeatherApp;
				PRODUCT_NAME = "$(TARGET_NAME)";
				SWIFT_EMIT_LOC_STRINGS = YES;
				SWIFT_VERSION = 5.0;
				TARGETED_DEVICE_FAMILY = "1,2";
			};
			name = Debug;
		};
		DCD266002ACD694D00787650 /* Release */ = {
			isa = XCBuildConfiguration;
			buildSettings = {
				ASSETCATALOG_COMPILER_APPICON_NAME = AppIcon;
				ASSETCATALOG_COMPILER_GLOBAL_ACCENT_COLOR_NAME = AccentColor;
				CODE_SIGN_STYLE = Automatic;
				CURRENT_PROJECT_VERSION = 1;
				GENERATE_INFOPLIST_FILE = YES;
				INFOPLIST_FILE = WeatherApp/Resources/Info.plist;
				INFOPLIST_KEY_UIApplicationSupportsIndirectInputEvents = YES;
				INFOPLIST_KEY_UILaunchStoryboardName = LaunchScreen;
				INFOPLIST_KEY_UIMainStoryboardFile = Main;
				INFOPLIST_KEY_UISupportedInterfaceOrientations_iPad = "UIInterfaceOrientationPortrait UIInterfaceOrientationPortraitUpsideDown UIInterfaceOrientationLandscapeLeft UIInterfaceOrientationLandscapeRight";
				INFOPLIST_KEY_UISupportedInterfaceOrientations_iPhone = "UIInterfaceOrientationPortrait UIInterfaceOrientationLandscapeLeft UIInterfaceOrientationLandscapeRight";
				LD_RUNPATH_SEARCH_PATHS = (
					"$(inherited)",
					"@executable_path/Frameworks",
				);
				MARKETING_VERSION = 1.0;
				PRODUCT_BUNDLE_IDENTIFIER = newOne.WeatherApp;
				PRODUCT_NAME = "$(TARGET_NAME)";
				SWIFT_EMIT_LOC_STRINGS = YES;
				SWIFT_VERSION = 5.0;
				TARGETED_DEVICE_FAMILY = "1,2";
			};
			name = Release;
		};
/* End XCBuildConfiguration section */

/* Begin XCConfigurationList section */
		DCD265E52ACD694C00787650 /* Build configuration list for PBXProject "WeatherApp" */ = {
			isa = XCConfigurationList;
			buildConfigurations = (
				DCD265FC2ACD694D00787650 /* Debug */,
				DCD265FD2ACD694D00787650 /* Release */,
			);
			defaultConfigurationIsVisible = 0;
			defaultConfigurationName = Release;
		};
		DCD265FE2ACD694D00787650 /* Build configuration list for PBXNativeTarget "WeatherApp" */ = {
			isa = XCConfigurationList;
			buildConfigurations = (
				DCD265FF2ACD694D00787650 /* Debug */,
				DCD266002ACD694D00787650 /* Release */,
			);
			defaultConfigurationIsVisible = 0;
			defaultConfigurationName = Release;
		};
/* End XCConfigurationList section */

/* Begin XCRemoteSwiftPackageReference section */
		DCE182132ACD9F4D0051BC45 /* XCRemoteSwiftPackageReference "Alamofire" */ = {
			isa = XCRemoteSwiftPackageReference;
			repositoryURL = "https://github.com/Alamofire/Alamofire.git";
			requirement = {
				kind = upToNextMajorVersion;
				minimumVersion = 5.8.0;
			};
		};
/* End XCRemoteSwiftPackageReference section */

/* Begin XCSwiftPackageProductDependency section */
		DCE182142ACD9F4D0051BC45 /* Alamofire */ = {
			isa = XCSwiftPackageProductDependency;
			package = DCE182132ACD9F4D0051BC45 /* XCRemoteSwiftPackageReference "Alamofire" */;
			productName = Alamofire;
		};
/* End XCSwiftPackageProductDependency section */
	};
	rootObject = DCD265E22ACD694C00787650 /* Project object */;
}
